// !$*UTF8*$!
{
	archiveVersion = 1;
	classes = {
	};
	objectVersion = 56;
	objects = {

/* Begin PBXBuildFile section */
		C40FADA72A7B5A300074A4F9 /* FigurasLinhaView.swift in Sources */ = {isa = PBXBuildFile; fileRef = C40FADA62A7B5A300074A4F9 /* FigurasLinhaView.swift */; };
		C40FADAA2A7B6BC90074A4F9 /* Localizable.strings in Resources */ = {isa = PBXBuildFile; fileRef = C40FADAC2A7B6BC90074A4F9 /* Localizable.strings */; };
		C4B0E8C32A758B0000651564 /* PropriedadesView.swift in Sources */ = {isa = PBXBuildFile; fileRef = C4B0E8C22A758B0000651564 /* PropriedadesView.swift */; };
		C4B0E8C52A758D7200651564 /* FiguraDetalheView.swift in Sources */ = {isa = PBXBuildFile; fileRef = C4B0E8C42A758D7100651564 /* FiguraDetalheView.swift */; };
		C4B0E8CA2A758F7E00651564 /* FigurasView.swift in Sources */ = {isa = PBXBuildFile; fileRef = C4B0E8C92A758F7E00651564 /* FigurasView.swift */; };
		C4B0E8CC2A75952700651564 /* PropriedadeEditarView.swift in Sources */ = {isa = PBXBuildFile; fileRef = C4B0E8CB2A75952700651564 /* PropriedadeEditarView.swift */; };
		C4C74E562A77C558009A8EC2 /* ModeloDados.swift in Sources */ = {isa = PBXBuildFile; fileRef = C4C74E552A77C558009A8EC2 /* ModeloDados.swift */; };
		C4C74E742A7ABB49009A8EC2 /* MinhaColecaoView.swift in Sources */ = {isa = PBXBuildFile; fileRef = C4C74E732A7ABB49009A8EC2 /* MinhaColecaoView.swift */; };
		C4D38A742A747EAE0080716C /* FigurineApp.swift in Sources */ = {isa = PBXBuildFile; fileRef = C4D38A732A747EAE0080716C /* FigurineApp.swift */; };
		C4D38A762A747EAE0080716C /* ContentView.swift in Sources */ = {isa = PBXBuildFile; fileRef = C4D38A752A747EAE0080716C /* ContentView.swift */; };
		C4D38A782A747EB00080716C /* Assets.xcassets in Resources */ = {isa = PBXBuildFile; fileRef = C4D38A772A747EB00080716C /* Assets.xcassets */; };
		C4D38A7B2A747EB00080716C /* Preview Assets.xcassets in Resources */ = {isa = PBXBuildFile; fileRef = C4D38A7A2A747EB00080716C /* Preview Assets.xcassets */; };
/* End PBXBuildFile section */

/* Begin PBXFileReference section */
		C40FADA62A7B5A300074A4F9 /* FigurasLinhaView.swift */ = {isa = PBXFileReference; lastKnownFileType = sourcecode.swift; path = FigurasLinhaView.swift; sourceTree = "<group>"; };
		C40FADAB2A7B6BC90074A4F9 /* en */ = {isa = PBXFileReference; lastKnownFileType = text.plist.strings; name = en; path = en.lproj/Localizable.strings; sourceTree = "<group>"; };
		C40FADAD2A7B6BE20074A4F9 /* pt-BR */ = {isa = PBXFileReference; lastKnownFileType = text.plist.strings; name = "pt-BR"; path = "pt-BR.lproj/Localizable.strings"; sourceTree = "<group>"; };
		C4B0E8C22A758B0000651564 /* PropriedadesView.swift */ = {isa = PBXFileReference; lastKnownFileType = sourcecode.swift; path = PropriedadesView.swift; sourceTree = "<group>"; };
		C4B0E8C42A758D7100651564 /* FiguraDetalheView.swift */ = {isa = PBXFileReference; lastKnownFileType = sourcecode.swift; path = FiguraDetalheView.swift; sourceTree = "<group>"; };
		C4B0E8C92A758F7E00651564 /* FigurasView.swift */ = {isa = PBXFileReference; lastKnownFileType = sourcecode.swift; path = FigurasView.swift; sourceTree = "<group>"; };
		C4B0E8CB2A75952700651564 /* PropriedadeEditarView.swift */ = {isa = PBXFileReference; lastKnownFileType = sourcecode.swift; path = PropriedadeEditarView.swift; sourceTree = "<group>"; };
		C4C74E552A77C558009A8EC2 /* ModeloDados.swift */ = {isa = PBXFileReference; lastKnownFileType = sourcecode.swift; path = ModeloDados.swift; sourceTree = "<group>"; };
		C4C74E732A7ABB49009A8EC2 /* MinhaColecaoView.swift */ = {isa = PBXFileReference; lastKnownFileType = sourcecode.swift; path = MinhaColecaoView.swift; sourceTree = "<group>"; };
		C4D38A702A747EAE0080716C /* Figurine.app */ = {isa = PBXFileReference; explicitFileType = wrapper.application; includeInIndex = 0; path = Figurine.app; sourceTree = BUILT_PRODUCTS_DIR; };
		C4D38A732A747EAE0080716C /* FigurineApp.swift */ = {isa = PBXFileReference; lastKnownFileType = sourcecode.swift; path = FigurineApp.swift; sourceTree = "<group>"; };
		C4D38A752A747EAE0080716C /* ContentView.swift */ = {isa = PBXFileReference; lastKnownFileType = sourcecode.swift; path = ContentView.swift; sourceTree = "<group>"; };
		C4D38A772A747EB00080716C /* Assets.xcassets */ = {isa = PBXFileReference; lastKnownFileType = folder.assetcatalog; path = Assets.xcassets; sourceTree = "<group>"; };
		C4D38A7A2A747EB00080716C /* Preview Assets.xcassets */ = {isa = PBXFileReference; lastKnownFileType = folder.assetcatalog; path = "Preview Assets.xcassets"; sourceTree = "<group>"; };
/* End PBXFileReference section */

/* Begin PBXFrameworksBuildPhase section */
		C4D38A6D2A747EAE0080716C /* Frameworks */ = {
			isa = PBXFrameworksBuildPhase;
			buildActionMask = 2147483647;
			files = (
			);
			runOnlyForDeploymentPostprocessing = 0;
		};
/* End PBXFrameworksBuildPhase section */

/* Begin PBXGroup section */
		C4B0E8C62A758EC500651564 /* Components */ = {
			isa = PBXGroup;
			children = (
				C4B0E8CB2A75952700651564 /* PropriedadeEditarView.swift */,
				C4B0E8C22A758B0000651564 /* PropriedadesView.swift */,
			);
			path = Components;
			sourceTree = "<group>";
		};
		C4B0E8C72A758EE900651564 /* FigureScreen */ = {
			isa = PBXGroup;
			children = (
				C4B0E8C42A758D7100651564 /* FiguraDetalheView.swift */,
				C4B0E8C92A758F7E00651564 /* FigurasView.swift */,
				C40FADA62A7B5A300074A4F9 /* FigurasLinhaView.swift */,
			);
			path = FigureScreen;
			sourceTree = "<group>";
		};
		C4C74E572A77C55E009A8EC2 /* Model */ = {
			isa = PBXGroup;
			children = (
				C4C74E552A77C558009A8EC2 /* ModeloDados.swift */,
			);
			path = Model;
			sourceTree = "<group>";
		};
		C4C74E722A7ABB24009A8EC2 /* MinhaColecao */ = {
			isa = PBXGroup;
			children = (
				C4C74E732A7ABB49009A8EC2 /* MinhaColecaoView.swift */,
			);
			path = MinhaColecao;
			sourceTree = "<group>";
		};
		C4C74E752A7ABB52009A8EC2 /* Screens */ = {
			isa = PBXGroup;
			children = (
				C4B0E8C72A758EE900651564 /* FigureScreen */,
				C4C74E722A7ABB24009A8EC2 /* MinhaColecao */,
			);
			path = Screens;
			sourceTree = "<group>";
		};
		C4D38A672A747EAE0080716C = {
			isa = PBXGroup;
			children = (
				C4D38A722A747EAE0080716C /* Figurine */,
				C4D38A712A747EAE0080716C /* Products */,
			);
			sourceTree = "<group>";
		};
		C4D38A712A747EAE0080716C /* Products */ = {
			isa = PBXGroup;
			children = (
				C4D38A702A747EAE0080716C /* Figurine.app */,
			);
			name = Products;
			sourceTree = "<group>";
		};
		C4D38A722A747EAE0080716C /* Figurine */ = {
			isa = PBXGroup;
			children = (
				C4C74E572A77C55E009A8EC2 /* Model */,
				C4B0E8C62A758EC500651564 /* Components */,
				C4C74E752A7ABB52009A8EC2 /* Screens */,
				C4D38A752A747EAE0080716C /* ContentView.swift */,
				C4D38A732A747EAE0080716C /* FigurineApp.swift */,
				C4D38A772A747EB00080716C /* Assets.xcassets */,
				C40FADAC2A7B6BC90074A4F9 /* Localizable.strings */,
				C4D38A792A747EB00080716C /* Preview Content */,
			);
			path = Figurine;
			sourceTree = "<group>";
		};
		C4D38A792A747EB00080716C /* Preview Content */ = {
			isa = PBXGroup;
			children = (
				C4D38A7A2A747EB00080716C /* Preview Assets.xcassets */,
			);
			path = "Preview Content";
			sourceTree = "<group>";
		};
/* End PBXGroup section */

/* Begin PBXNativeTarget section */
		C4D38A6F2A747EAE0080716C /* Figurine */ = {
			isa = PBXNativeTarget;
			buildConfigurationList = C4D38A7E2A747EB00080716C /* Build configuration list for PBXNativeTarget "Figurine" */;
			buildPhases = (
				C4D38A6C2A747EAE0080716C /* Sources */,
				C4D38A6D2A747EAE0080716C /* Frameworks */,
				C4D38A6E2A747EAE0080716C /* Resources */,
			);
			buildRules = (
			);
			dependencies = (
			);
			name = Figurine;
			productName = Figurine;
			productReference = C4D38A702A747EAE0080716C /* Figurine.app */;
			productType = "com.apple.product-type.application";
		};
/* End PBXNativeTarget section */

/* Begin PBXProject section */
		C4D38A682A747EAE0080716C /* Project object */ = {
			isa = PBXProject;
			attributes = {
				BuildIndependentTargetsInParallel = 1;
				LastSwiftUpdateCheck = 1430;
				LastUpgradeCheck = 1430;
				TargetAttributes = {
					C4D38A6F2A747EAE0080716C = {
						CreatedOnToolsVersion = 14.3.1;
					};
				};
			};
			buildConfigurationList = C4D38A6B2A747EAE0080716C /* Build configuration list for PBXProject "Figurine" */;
			compatibilityVersion = "Xcode 14.0";
			developmentRegion = en;
			hasScannedForEncodings = 0;
			knownRegions = (
				en,
				Base,
				"pt-BR",
			);
			mainGroup = C4D38A672A747EAE0080716C;
			productRefGroup = C4D38A712A747EAE0080716C /* Products */;
			projectDirPath = "";
			projectRoot = "";
			targets = (
				C4D38A6F2A747EAE0080716C /* Figurine */,
			);
		};
/* End PBXProject section */

/* Begin PBXResourcesBuildPhase section */
		C4D38A6E2A747EAE0080716C /* Resources */ = {
			isa = PBXResourcesBuildPhase;
			buildActionMask = 2147483647;
			files = (
				C4D38A7B2A747EB00080716C /* Preview Assets.xcassets in Resources */,
				C40FADAA2A7B6BC90074A4F9 /* Localizable.strings in Resources */,
				C4D38A782A747EB00080716C /* Assets.xcassets in Resources */,
			);
			runOnlyForDeploymentPostprocessing = 0;
		};
/* End PBXResourcesBuildPhase section */

/* Begin PBXSourcesBuildPhase section */
		C4D38A6C2A747EAE0080716C /* Sources */ = {
			isa = PBXSourcesBuildPhase;
			buildActionMask = 2147483647;
			files = (
				C4B0E8CA2A758F7E00651564 /* FigurasView.swift in Sources */,
				C4B0E8C32A758B0000651564 /* PropriedadesView.swift in Sources */,
				C4D38A762A747EAE0080716C /* ContentView.swift in Sources */,
				C4B0E8C52A758D7200651564 /* FiguraDetalheView.swift in Sources */,
				C4D38A742A747EAE0080716C /* FigurineApp.swift in Sources */,
				C4C74E562A77C558009A8EC2 /* ModeloDados.swift in Sources */,
				C4B0E8CC2A75952700651564 /* PropriedadeEditarView.swift in Sources */,
				C40FADA72A7B5A300074A4F9 /* FigurasLinhaView.swift in Sources */,
				C4C74E742A7ABB49009A8EC2 /* MinhaColecaoView.swift in Sources */,
			);
			runOnlyForDeploymentPostprocessing = 0;
		};
/* End PBXSourcesBuildPhase section */

/* Begin PBXVariantGroup section */
		C40FADAC2A7B6BC90074A4F9 /* Localizable.strings */ = {
			isa = PBXVariantGroup;
			children = (
				C40FADAB2A7B6BC90074A4F9 /* en */,
				C40FADAD2A7B6BE20074A4F9 /* pt-BR */,
			);
			name = Localizable.strings;
			sourceTree = "<group>";
		};
/* End PBXVariantGroup section */

/* Begin XCBuildConfiguration section */
		C4D38A7C2A747EB00080716C /* Debug */ = {
			isa = XCBuildConfiguration;
			buildSettings = {
				ALWAYS_SEARCH_USER_PATHS = NO;
				CLANG_ANALYZER_LOCALIZABILITY_NONLOCALIZED = YES;
				CLANG_ANALYZER_NONNULL = YES;
				CLANG_ANALYZER_NUMBER_OBJECT_CONVERSION = YES_AGGRESSIVE;
				CLANG_CXX_LANGUAGE_STANDARD = "gnu++20";
				CLANG_ENABLE_MODULES = YES;
				CLANG_ENABLE_OBJC_ARC = YES;
				CLANG_ENABLE_OBJC_WEAK = YES;
				CLANG_WARN_BLOCK_CAPTURE_AUTORELEASING = YES;
				CLANG_WARN_BOOL_CONVERSION = YES;
				CLANG_WARN_COMMA = YES;
				CLANG_WARN_CONSTANT_CONVERSION = YES;
				CLANG_WARN_DEPRECATED_OBJC_IMPLEMENTATIONS = YES;
				CLANG_WARN_DIRECT_OBJC_ISA_USAGE = YES_ERROR;
				CLANG_WARN_DOCUMENTATION_COMMENTS = YES;
				CLANG_WARN_EMPTY_BODY = YES;
				CLANG_WARN_ENUM_CONVERSION = YES;
				CLANG_WARN_INFINITE_RECURSION = YES;
				CLANG_WARN_INT_CONVERSION = YES;
				CLANG_WARN_NON_LITERAL_NULL_CONVERSION = YES;
				CLANG_WARN_OBJC_IMPLICIT_RETAIN_SELF = YES;
				CLANG_WARN_OBJC_LITERAL_CONVERSION = YES;
				CLANG_WARN_OBJC_ROOT_CLASS = YES_ERROR;
				CLANG_WARN_QUOTED_INCLUDE_IN_FRAMEWORK_HEADER = YES;
				CLANG_WARN_RANGE_LOOP_ANALYSIS = YES;
				CLANG_WARN_STRICT_PROTOTYPES = YES;
				CLANG_WARN_SUSPICIOUS_MOVE = YES;
				CLANG_WARN_UNGUARDED_AVAILABILITY = YES_AGGRESSIVE;
				CLANG_WARN_UNREACHABLE_CODE = YES;
				CLANG_WARN__DUPLICATE_METHOD_MATCH = YES;
				COPY_PHASE_STRIP = NO;
				DEBUG_INFORMATION_FORMAT = dwarf;
				ENABLE_STRICT_OBJC_MSGSEND = YES;
				ENABLE_TESTABILITY = YES;
				GCC_C_LANGUAGE_STANDARD = gnu11;
				GCC_DYNAMIC_NO_PIC = NO;
				GCC_NO_COMMON_BLOCKS = YES;
				GCC_OPTIMIZATION_LEVEL = 0;
				GCC_PREPROCESSOR_DEFINITIONS = (
					"DEBUG=1",
					"$(inherited)",
				);
				GCC_WARN_64_TO_32_BIT_CONVERSION = YES;
				GCC_WARN_ABOUT_RETURN_TYPE = YES_ERROR;
				GCC_WARN_UNDECLARED_SELECTOR = YES;
				GCC_WARN_UNINITIALIZED_AUTOS = YES_AGGRESSIVE;
				GCC_WARN_UNUSED_FUNCTION = YES;
				GCC_WARN_UNUSED_VARIABLE = YES;
				IPHONEOS_DEPLOYMENT_TARGET = 16.4;
				MTL_ENABLE_DEBUG_INFO = INCLUDE_SOURCE;
				MTL_FAST_MATH = YES;
				ONLY_ACTIVE_ARCH = YES;
				SDKROOT = iphoneos;
				SWIFT_ACTIVE_COMPILATION_CONDITIONS = DEBUG;
				SWIFT_OPTIMIZATION_LEVEL = "-Onone";
			};
			name = Debug;
		};
		C4D38A7D2A747EB00080716C /* Release */ = {
			isa = XCBuildConfiguration;
			buildSettings = {
				ALWAYS_SEARCH_USER_PATHS = NO;
				CLANG_ANALYZER_LOCALIZABILITY_NONLOCALIZED = YES;
				CLANG_ANALYZER_NONNULL = YES;
				CLANG_ANALYZER_NUMBER_OBJECT_CONVERSION = YES_AGGRESSIVE;
				CLANG_CXX_LANGUAGE_STANDARD = "gnu++20";
				CLANG_ENABLE_MODULES = YES;
				CLANG_ENABLE_OBJC_ARC = YES;
				CLANG_ENABLE_OBJC_WEAK = YES;
				CLANG_WARN_BLOCK_CAPTURE_AUTORELEASING = YES;
				CLANG_WARN_BOOL_CONVERSION = YES;
				CLANG_WARN_COMMA = YES;
				CLANG_WARN_CONSTANT_CONVERSION = YES;
				CLANG_WARN_DEPRECATED_OBJC_IMPLEMENTATIONS = YES;
				CLANG_WARN_DIRECT_OBJC_ISA_USAGE = YES_ERROR;
				CLANG_WARN_DOCUMENTATION_COMMENTS = YES;
				CLANG_WARN_EMPTY_BODY = YES;
				CLANG_WARN_ENUM_CONVERSION = YES;
				CLANG_WARN_INFINITE_RECURSION = YES;
				CLANG_WARN_INT_CONVERSION = YES;
				CLANG_WARN_NON_LITERAL_NULL_CONVERSION = YES;
				CLANG_WARN_OBJC_IMPLICIT_RETAIN_SELF = YES;
				CLANG_WARN_OBJC_LITERAL_CONVERSION = YES;
				CLANG_WARN_OBJC_ROOT_CLASS = YES_ERROR;
				CLANG_WARN_QUOTED_INCLUDE_IN_FRAMEWORK_HEADER = YES;
				CLANG_WARN_RANGE_LOOP_ANALYSIS = YES;
				CLANG_WARN_STRICT_PROTOTYPES = YES;
				CLANG_WARN_SUSPICIOUS_MOVE = YES;
				CLANG_WARN_UNGUARDED_AVAILABILITY = YES_AGGRESSIVE;
				CLANG_WARN_UNREACHABLE_CODE = YES;
				CLANG_WARN__DUPLICATE_METHOD_MATCH = YES;
				COPY_PHASE_STRIP = NO;
				DEBUG_INFORMATION_FORMAT = "dwarf-with-dsym";
				ENABLE_NS_ASSERTIONS = NO;
				ENABLE_STRICT_OBJC_MSGSEND = YES;
				GCC_C_LANGUAGE_STANDARD = gnu11;
				GCC_NO_COMMON_BLOCKS = YES;
				GCC_WARN_64_TO_32_BIT_CONVERSION = YES;
				GCC_WARN_ABOUT_RETURN_TYPE = YES_ERROR;
				GCC_WARN_UNDECLARED_SELECTOR = YES;
				GCC_WARN_UNINITIALIZED_AUTOS = YES_AGGRESSIVE;
				GCC_WARN_UNUSED_FUNCTION = YES;
				GCC_WARN_UNUSED_VARIABLE = YES;
				IPHONEOS_DEPLOYMENT_TARGET = 16.4;
				MTL_ENABLE_DEBUG_INFO = NO;
				MTL_FAST_MATH = YES;
				SDKROOT = iphoneos;
				SWIFT_COMPILATION_MODE = wholemodule;
				SWIFT_OPTIMIZATION_LEVEL = "-O";
				VALIDATE_PRODUCT = YES;
			};
			name = Release;
		};
		C4D38A7F2A747EB00080716C /* Debug */ = {
			isa = XCBuildConfiguration;
			buildSettings = {
				ASSETCATALOG_COMPILER_APPICON_NAME = AppIcon;
				ASSETCATALOG_COMPILER_GLOBAL_ACCENT_COLOR_NAME = AccentColor;
				CODE_SIGN_STYLE = Automatic;
				CURRENT_PROJECT_VERSION = 1;
				DEVELOPMENT_ASSET_PATHS = "\"Figurine/Preview Content\"";
				ENABLE_PREVIEWS = YES;
				GENERATE_INFOPLIST_FILE = YES;
				INFOPLIST_KEY_CFBundleDisplayName = Figurinhas;
				INFOPLIST_KEY_UIApplicationSceneManifest_Generation = YES;
				INFOPLIST_KEY_UIApplicationSupportsIndirectInputEvents = YES;
				INFOPLIST_KEY_UILaunchScreen_Generation = YES;
				INFOPLIST_KEY_UISupportedInterfaceOrientations_iPad = "UIInterfaceOrientationPortrait UIInterfaceOrientationPortraitUpsideDown UIInterfaceOrientationLandscapeLeft UIInterfaceOrientationLandscapeRight";
				INFOPLIST_KEY_UISupportedInterfaceOrientations_iPhone = "UIInterfaceOrientationPortrait UIInterfaceOrientationLandscapeLeft UIInterfaceOrientationLandscapeRight";
				LD_RUNPATH_SEARCH_PATHS = (
					"$(inherited)",
					"@executable_path/Frameworks",
				);
				MARKETING_VERSION = 1.0;
				PRODUCT_BUNDLE_IDENTIFIER = GabrielMors.Figurine;
				PRODUCT_NAME = "$(TARGET_NAME)";
				SWIFT_EMIT_LOC_STRINGS = YES;
				SWIFT_VERSION = 5.0;
				TARGETED_DEVICE_FAMILY = "1,2";
			};
			name = Debug;
		};
		C4D38A802A747EB00080716C /* Release */ = {
			isa = XCBuildConfiguration;
			buildSettings = {
				ASSETCATALOG_COMPILER_APPICON_NAME = AppIcon;
				ASSETCATALOG_COMPILER_GLOBAL_ACCENT_COLOR_NAME = AccentColor;
				CODE_SIGN_STYLE = Automatic;
				CURRENT_PROJECT_VERSION = 1;
				DEVELOPMENT_ASSET_PATHS = "\"Figurine/Preview Content\"";
				ENABLE_PREVIEWS = YES;
				GENERATE_INFOPLIST_FILE = YES;
				INFOPLIST_KEY_CFBundleDisplayName = Figurinhas;
				INFOPLIST_KEY_UIApplicationSceneManifest_Generation = YES;
				INFOPLIST_KEY_UIApplicationSupportsIndirectInputEvents = YES;
				INFOPLIST_KEY_UILaunchScreen_Generation = YES;
				INFOPLIST_KEY_UISupportedInterfaceOrientations_iPad = "UIInterfaceOrientationPortrait UIInterfaceOrientationPortraitUpsideDown UIInterfaceOrientationLandscapeLeft UIInterfaceOrientationLandscapeRight";
				INFOPLIST_KEY_UISupportedInterfaceOrientations_iPhone = "UIInterfaceOrientationPortrait UIInterfaceOrientationLandscapeLeft UIInterfaceOrientationLandscapeRight";
				LD_RUNPATH_SEARCH_PATHS = (
					"$(inherited)",
					"@executable_path/Frameworks",
				);
				MARKETING_VERSION = 1.0;
				PRODUCT_BUNDLE_IDENTIFIER = GabrielMors.Figurine;
				PRODUCT_NAME = "$(TARGET_NAME)";
				SWIFT_EMIT_LOC_STRINGS = YES;
				SWIFT_VERSION = 5.0;
				TARGETED_DEVICE_FAMILY = "1,2";
			};
			name = Release;
		};
/* End XCBuildConfiguration section */

/* Begin XCConfigurationList section */
		C4D38A6B2A747EAE0080716C /* Build configuration list for PBXProject "Figurine" */ = {
			isa = XCConfigurationList;
			buildConfigurations = (
				C4D38A7C2A747EB00080716C /* Debug */,
				C4D38A7D2A747EB00080716C /* Release */,
			);
			defaultConfigurationIsVisible = 0;
			defaultConfigurationName = Release;
		};
		C4D38A7E2A747EB00080716C /* Build configuration list for PBXNativeTarget "Figurine" */ = {
			isa = XCConfigurationList;
			buildConfigurations = (
				C4D38A7F2A747EB00080716C /* Debug */,
				C4D38A802A747EB00080716C /* Release */,
			);
			defaultConfigurationIsVisible = 0;
			defaultConfigurationName = Release;
		};
/* End XCConfigurationList section */
	};
	rootObject = C4D38A682A747EAE0080716C /* Project object */;
}
